{
  "pins" : [
    {
      "identity" : "swift-ui-segmented-control",
      "kind" : "remoteSourceControl",
      "location" : "https://github.com/OvyoTech/swift-ui-segmented-control",
      "state" : {
        "revision" : "daaa0dc6cd342ab2b2afcaf5786fbcb11d057a97",
        "version" : "1.1.0"
      }
    }
  ],
  "version" : 2
}
